// !$*UTF8*$!
{
	archiveVersion = 1;
	classes = {
	};
	objectVersion = 46;
	objects = {

/* Begin PBXBuildFile section */
		05131E041AB2561C003B53C4 /* AppDelegate.swift in Sources */ = {isa = PBXBuildFile; fileRef = 05131E031AB2561C003B53C4 /* AppDelegate.swift */; };
		05131E091AB2561C003B53C4 /* Main.storyboard in Resources */ = {isa = PBXBuildFile; fileRef = 05131E071AB2561C003B53C4 /* Main.storyboard */; };
		05131E0B1AB2561C003B53C4 /* Images.xcassets in Resources */ = {isa = PBXBuildFile; fileRef = 05131E0A1AB2561C003B53C4 /* Images.xcassets */; };
		05131E0E1AB2561C003B53C4 /* LaunchScreen.xib in Resources */ = {isa = PBXBuildFile; fileRef = 05131E0C1AB2561C003B53C4 /* LaunchScreen.xib */; };
		05131E1A1AB2561C003B53C4 /* MemeMeTests.swift in Sources */ = {isa = PBXBuildFile; fileRef = 05131E191AB2561C003B53C4 /* MemeMeTests.swift */; };
		05131E241AB49425003B53C4 /* Meme.swift in Sources */ = {isa = PBXBuildFile; fileRef = 05131E231AB49425003B53C4 /* Meme.swift */; };
		05131E261AB4B139003B53C4 /* MemeEditorViewController.swift in Sources */ = {isa = PBXBuildFile; fileRef = 05131E251AB4B139003B53C4 /* MemeEditorViewController.swift */; };
		05131E281AB4DA68003B53C4 /* MemeCollectionViewController.swift in Sources */ = {isa = PBXBuildFile; fileRef = 05131E271AB4DA68003B53C4 /* MemeCollectionViewController.swift */; };
/* End PBXBuildFile section */

/* Begin PBXContainerItemProxy section */
		05131E141AB2561C003B53C4 /* PBXContainerItemProxy */ = {
			isa = PBXContainerItemProxy;
			containerPortal = 05131DF61AB2561C003B53C4 /* Project object */;
			proxyType = 1;
			remoteGlobalIDString = 05131DFD1AB2561C003B53C4;
			remoteInfo = MemeMe;
		};
/* End PBXContainerItemProxy section */

/* Begin PBXFileReference section */
		05131DFE1AB2561C003B53C4 /* MemeMe.app */ = {isa = PBXFileReference; explicitFileType = wrapper.application; includeInIndex = 0; path = MemeMe.app; sourceTree = BUILT_PRODUCTS_DIR; };
		05131E021AB2561C003B53C4 /* Info.plist */ = {isa = PBXFileReference; lastKnownFileType = text.plist.xml; path = Info.plist; sourceTree = "<group>"; };
		05131E031AB2561C003B53C4 /* AppDelegate.swift */ = {isa = PBXFileReference; lastKnownFileType = sourcecode.swift; path = AppDelegate.swift; sourceTree = "<group>"; };
		05131E081AB2561C003B53C4 /* Base */ = {isa = PBXFileReference; lastKnownFileType = file.storyboard; name = Base; path = Base.lproj/Main.storyboard; sourceTree = "<group>"; };
		05131E0A1AB2561C003B53C4 /* Images.xcassets */ = {isa = PBXFileReference; lastKnownFileType = folder.assetcatalog; path = Images.xcassets; sourceTree = "<group>"; };
		05131E0D1AB2561C003B53C4 /* Base */ = {isa = PBXFileReference; lastKnownFileType = file.xib; name = Base; path = Base.lproj/LaunchScreen.xib; sourceTree = "<group>"; };
		05131E131AB2561C003B53C4 /* MemeMeTests.xctest */ = {isa = PBXFileReference; explicitFileType = wrapper.cfbundle; includeInIndex = 0; path = MemeMeTests.xctest; sourceTree = BUILT_PRODUCTS_DIR; };
		05131E181AB2561C003B53C4 /* Info.plist */ = {isa = PBXFileReference; lastKnownFileType = text.plist.xml; path = Info.plist; sourceTree = "<group>"; };
		05131E191AB2561C003B53C4 /* MemeMeTests.swift */ = {isa = PBXFileReference; lastKnownFileType = sourcecode.swift; path = MemeMeTests.swift; sourceTree = "<group>"; };
		05131E231AB49425003B53C4 /* Meme.swift */ = {isa = PBXFileReference; fileEncoding = 4; lastKnownFileType = sourcecode.swift; path = Meme.swift; sourceTree = "<group>"; };
		05131E251AB4B139003B53C4 /* MemeEditorViewController.swift */ = {isa = PBXFileReference; fileEncoding = 4; lastKnownFileType = sourcecode.swift; path = MemeEditorViewController.swift; sourceTree = "<group>"; };
		05131E271AB4DA68003B53C4 /* MemeCollectionViewController.swift */ = {isa = PBXFileReference; fileEncoding = 4; lastKnownFileType = sourcecode.swift; path = MemeCollectionViewController.swift; sourceTree = "<group>"; };
/* End PBXFileReference section */

/* Begin PBXFrameworksBuildPhase section */
		05131DFB1AB2561C003B53C4 /* Frameworks */ = {
			isa = PBXFrameworksBuildPhase;
			buildActionMask = 2147483647;
			files = (
			);
			runOnlyForDeploymentPostprocessing = 0;
		};
		05131E101AB2561C003B53C4 /* Frameworks */ = {
			isa = PBXFrameworksBuildPhase;
			buildActionMask = 2147483647;
			files = (
			);
			runOnlyForDeploymentPostprocessing = 0;
		};
/* End PBXFrameworksBuildPhase section */

/* Begin PBXGroup section */
		05131DF51AB2561C003B53C4 = {
			isa = PBXGroup;
			children = (
				05131E001AB2561C003B53C4 /* MemeMe */,
				05131E161AB2561C003B53C4 /* MemeMeTests */,
				05131DFF1AB2561C003B53C4 /* Products */,
			);
			sourceTree = "<group>";
		};
		05131DFF1AB2561C003B53C4 /* Products */ = {
			isa = PBXGroup;
			children = (
				05131DFE1AB2561C003B53C4 /* MemeMe.app */,
				05131E131AB2561C003B53C4 /* MemeMeTests.xctest */,
			);
			name = Products;
			sourceTree = "<group>";
		};
		05131E001AB2561C003B53C4 /* MemeMe */ = {
			isa = PBXGroup;
			children = (
				05131E251AB4B139003B53C4 /* MemeEditorViewController.swift */,
				05131E271AB4DA68003B53C4 /* MemeCollectionViewController.swift */,
				05131E031AB2561C003B53C4 /* AppDelegate.swift */,
				05131E231AB49425003B53C4 /* Meme.swift */,
				05131E071AB2561C003B53C4 /* Main.storyboard */,
				05131E0A1AB2561C003B53C4 /* Images.xcassets */,
				05131E0C1AB2561C003B53C4 /* LaunchScreen.xib */,
				05131E011AB2561C003B53C4 /* Supporting Files */,
			);
			path = MemeMe;
			sourceTree = "<group>";
		};
		05131E011AB2561C003B53C4 /* Supporting Files */ = {
			isa = PBXGroup;
			children = (
				05131E021AB2561C003B53C4 /* Info.plist */,
			);
			name = "Supporting Files";
			sourceTree = "<group>";
		};
		05131E161AB2561C003B53C4 /* MemeMeTests */ = {
			isa = PBXGroup;
			children = (
				05131E191AB2561C003B53C4 /* MemeMeTests.swift */,
				05131E171AB2561C003B53C4 /* Supporting Files */,
			);
			path = MemeMeTests;
			sourceTree = "<group>";
		};
		05131E171AB2561C003B53C4 /* Supporting Files */ = {
			isa = PBXGroup;
			children = (
				05131E181AB2561C003B53C4 /* Info.plist */,
			);
			name = "Supporting Files";
			sourceTree = "<group>";
		};
/* End PBXGroup section */

/* Begin PBXNativeTarget section */
		05131DFD1AB2561C003B53C4 /* MemeMe */ = {
			isa = PBXNativeTarget;
			buildConfigurationList = 05131E1D1AB2561C003B53C4 /* Build configuration list for PBXNativeTarget "MemeMe" */;
			buildPhases = (
				05131DFA1AB2561C003B53C4 /* Sources */,
				05131DFB1AB2561C003B53C4 /* Frameworks */,
				05131DFC1AB2561C003B53C4 /* Resources */,
			);
			buildRules = (
			);
			dependencies = (
			);
			name = MemeMe;
			productName = MemeMe;
			productReference = 05131DFE1AB2561C003B53C4 /* MemeMe.app */;
			productType = "com.apple.product-type.application";
		};
		05131E121AB2561C003B53C4 /* MemeMeTests */ = {
			isa = PBXNativeTarget;
			buildConfigurationList = 05131E201AB2561C003B53C4 /* Build configuration list for PBXNativeTarget "MemeMeTests" */;
			buildPhases = (
				05131E0F1AB2561C003B53C4 /* Sources */,
				05131E101AB2561C003B53C4 /* Frameworks */,
				05131E111AB2561C003B53C4 /* Resources */,
			);
			buildRules = (
			);
			dependencies = (
				05131E151AB2561C003B53C4 /* PBXTargetDependency */,
			);
			name = MemeMeTests;
			productName = MemeMeTests;
			productReference = 05131E131AB2561C003B53C4 /* MemeMeTests.xctest */;
			productType = "com.apple.product-type.bundle.unit-test";
		};
/* End PBXNativeTarget section */

/* Begin PBXProject section */
		05131DF61AB2561C003B53C4 /* Project object */ = {
			isa = PBXProject;
			attributes = {
				LastUpgradeCheck = 0620;
				ORGANIZATIONNAME = FiixedMobile;
				TargetAttributes = {
					05131DFD1AB2561C003B53C4 = {
						CreatedOnToolsVersion = 6.2;
					};
					05131E121AB2561C003B53C4 = {
						CreatedOnToolsVersion = 6.2;
						TestTargetID = 05131DFD1AB2561C003B53C4;
					};
				};
			};
			buildConfigurationList = 05131DF91AB2561C003B53C4 /* Build configuration list for PBXProject "MemeMe" */;
			compatibilityVersion = "Xcode 3.2";
			developmentRegion = English;
			hasScannedForEncodings = 0;
			knownRegions = (
				en,
				Base,
			);
			mainGroup = 05131DF51AB2561C003B53C4;
			productRefGroup = 05131DFF1AB2561C003B53C4 /* Products */;
			projectDirPath = "";
			projectRoot = "";
			targets = (
				05131DFD1AB2561C003B53C4 /* MemeMe */,
				05131E121AB2561C003B53C4 /* MemeMeTests */,
			);
		};
/* End PBXProject section */

/* Begin PBXResourcesBuildPhase section */
		05131DFC1AB2561C003B53C4 /* Resources */ = {
			isa = PBXResourcesBuildPhase;
			buildActionMask = 2147483647;
			files = (
				05131E091AB2561C003B53C4 /* Main.storyboard in Resources */,
				05131E0E1AB2561C003B53C4 /* LaunchScreen.xib in Resources */,
				05131E0B1AB2561C003B53C4 /* Images.xcassets in Resources */,
			);
			runOnlyForDeploymentPostprocessing = 0;
		};
		05131E111AB2561C003B53C4 /* Resources */ = {
			isa = PBXResourcesBuildPhase;
			buildActionMask = 2147483647;
			files = (
			);
			runOnlyForDeploymentPostprocessing = 0;
		};
/* End PBXResourcesBuildPhase section */

/* Begin PBXSourcesBuildPhase section */
		05131DFA1AB2561C003B53C4 /* Sources */ = {
			isa = PBXSourcesBuildPhase;
			buildActionMask = 2147483647;
			files = (
				05131E281AB4DA68003B53C4 /* MemeCollectionViewController.swift in Sources */,
				05131E241AB49425003B53C4 /* Meme.swift in Sources */,
				05131E041AB2561C003B53C4 /* AppDelegate.swift in Sources */,
				05131E261AB4B139003B53C4 /* MemeEditorViewController.swift in Sources */,
			);
			runOnlyForDeploymentPostprocessing = 0;
		};
		05131E0F1AB2561C003B53C4 /* Sources */ = {
			isa = PBXSourcesBuildPhase;
			buildActionMask = 2147483647;
			files = (
				05131E1A1AB2561C003B53C4 /* MemeMeTests.swift in Sources */,
			);
			runOnlyForDeploymentPostprocessing = 0;
		};
/* End PBXSourcesBuildPhase section */

/* Begin PBXTargetDependency section */
		05131E151AB2561C003B53C4 /* PBXTargetDependency */ = {
			isa = PBXTargetDependency;
			target = 05131DFD1AB2561C003B53C4 /* MemeMe */;
			targetProxy = 05131E141AB2561C003B53C4 /* PBXContainerItemProxy */;
		};
/* End PBXTargetDependency section */

/* Begin PBXVariantGroup section */
		05131E071AB2561C003B53C4 /* Main.storyboard */ = {
			isa = PBXVariantGroup;
			children = (
				05131E081AB2561C003B53C4 /* Base */,
			);
			name = Main.storyboard;
			sourceTree = "<group>";
		};
		05131E0C1AB2561C003B53C4 /* LaunchScreen.xib */ = {
			isa = PBXVariantGroup;
			children = (
				05131E0D1AB2561C003B53C4 /* Base */,
			);
			name = LaunchScreen.xib;
			sourceTree = "<group>";
		};
/* End PBXVariantGroup section */

/* Begin XCBuildConfiguration section */
		05131E1B1AB2561C003B53C4 /* Debug */ = {
			isa = XCBuildConfiguration;
			buildSettings = {
				ALWAYS_SEARCH_USER_PATHS = NO;
				CLANG_CXX_LANGUAGE_STANDARD = "gnu++0x";
				CLANG_CXX_LIBRARY = "libc++";
				CLANG_ENABLE_MODULES = YES;
				CLANG_ENABLE_OBJC_ARC = YES;
				CLANG_WARN_BOOL_CONVERSION = YES;
				CLANG_WARN_CONSTANT_CONVERSION = YES;
				CLANG_WARN_DIRECT_OBJC_ISA_USAGE = YES_ERROR;
				CLANG_WARN_EMPTY_BODY = YES;
				CLANG_WARN_ENUM_CONVERSION = YES;
				CLANG_WARN_INT_CONVERSION = YES;
				CLANG_WARN_OBJC_ROOT_CLASS = YES_ERROR;
				CLANG_WARN_UNREACHABLE_CODE = YES;
				CLANG_WARN__DUPLICATE_METHOD_MATCH = YES;
				"CODE_SIGN_IDENTITY[sdk=iphoneos*]" = "iPhone Developer";
				COPY_PHASE_STRIP = NO;
				ENABLE_STRICT_OBJC_MSGSEND = YES;
				GCC_C_LANGUAGE_STANDARD = gnu99;
				GCC_DYNAMIC_NO_PIC = NO;
				GCC_OPTIMIZATION_LEVEL = 0;
				GCC_PREPROCESSOR_DEFINITIONS = (
					"DEBUG=1",
					"$(inherited)",
				);
				GCC_SYMBOLS_PRIVATE_EXTERN = NO;
				GCC_WARN_64_TO_32_BIT_CONVERSION = YES;
				GCC_WARN_ABOUT_RETURN_TYPE = YES_ERROR;
				GCC_WARN_UNDECLARED_SELECTOR = YES;
				GCC_WARN_UNINITIALIZED_AUTOS = YES_AGGRESSIVE;
				GCC_WARN_UNUSED_FUNCTION = YES;
				GCC_WARN_UNUSED_VARIABLE = YES;
				IPHONEOS_DEPLOYMENT_TARGET = 8.2;
				MTL_ENABLE_DEBUG_INFO = YES;
				ONLY_ACTIVE_ARCH = YES;
				SDKROOT = iphoneos;
				SWIFT_OPTIMIZATION_LEVEL = "-Onone";
			};
			name = Debug;
		};
		05131E1C1AB2561C003B53C4 /* Release */ = {
			isa = XCBuildConfiguration;
			buildSettings = {
				ALWAYS_SEARCH_USER_PATHS = NO;
				CLANG_CXX_LANGUAGE_STANDARD = "gnu++0x";
				CLANG_CXX_LIBRARY = "libc++";
				CLANG_ENABLE_MODULES = YES;
				CLANG_ENABLE_OBJC_ARC = YES;
				CLANG_WARN_BOOL_CONVERSION = YES;
				CLANG_WARN_CONSTANT_CONVERSION = YES;
				CLANG_WARN_DIRECT_OBJC_ISA_USAGE = YES_ERROR;
				CLANG_WARN_EMPTY_BODY = YES;
				CLANG_WARN_ENUM_CONVERSION = YES;
				CLANG_WARN_INT_CONVERSION = YES;
				CLANG_WARN_OBJC_ROOT_CLASS = YES_ERROR;
				CLANG_WARN_UNREACHABLE_CODE = YES;
				CLANG_WARN__DUPLICATE_METHOD_MATCH = YES;
				"CODE_SIGN_IDENTITY[sdk=iphoneos*]" = "iPhone Developer";
				COPY_PHASE_STRIP = NO;
				ENABLE_NS_ASSERTIONS = NO;
				ENABLE_STRICT_OBJC_MSGSEND = YES;
				GCC_C_LANGUAGE_STANDARD = gnu99;
				GCC_WARN_64_TO_32_BIT_CONVERSION = YES;
				GCC_WARN_ABOUT_RETURN_TYPE = YES_ERROR;
				GCC_WARN_UNDECLARED_SELECTOR = YES;
				GCC_WARN_UNINITIALIZED_AUTOS = YES_AGGRESSIVE;
				GCC_WARN_UNUSED_FUNCTION = YES;
				GCC_WARN_UNUSED_VARIABLE = YES;
				IPHONEOS_DEPLOYMENT_TARGET = 8.2;
				MTL_ENABLE_DEBUG_INFO = NO;
				SDKROOT = iphoneos;
				VALIDATE_PRODUCT = YES;
			};
			name = Release;
		};
		05131E1E1AB2561C003B53C4 /* Debug */ = {
			isa = XCBuildConfiguration;
			buildSettings = {
				ASSETCATALOG_COMPILER_APPICON_NAME = AppIcon;
				INFOPLIST_FILE = MemeMe/Info.plist;
				IPHONEOS_DEPLOYMENT_TARGET = 8.1;
				LD_RUNPATH_SEARCH_PATHS = "$(inherited) @executable_path/Frameworks";
				PRODUCT_NAME = "$(TARGET_NAME)";
			};
			name = Debug;
		};
		05131E1F1AB2561C003B53C4 /* Release */ = {
			isa = XCBuildConfiguration;
			buildSettings = {
				ASSETCATALOG_COMPILER_APPICON_NAME = AppIcon;
				INFOPLIST_FILE = MemeMe/Info.plist;
				IPHONEOS_DEPLOYMENT_TARGET = 8.1;
				LD_RUNPATH_SEARCH_PATHS = "$(inherited) @executable_path/Frameworks";
				PRODUCT_NAME = "$(TARGET_NAME)";
			};
			name = Release;
		};
		05131E211AB2561C003B53C4 /* Debug */ = {
			isa = XCBuildConfiguration;
			buildSettings = {
				BUNDLE_LOADER = "$(TEST_HOST)";
				FRAMEWORK_SEARCH_PATHS = (
					"$(SDKROOT)/Developer/Library/Frameworks",
					"$(inherited)",
				);
				GCC_PREPROCESSOR_DEFINITIONS = (
					"DEBUG=1",
					"$(inherited)",
				);
				INFOPLIST_FILE = MemeMeTests/Info.plist;
				LD_RUNPATH_SEARCH_PATHS = "$(inherited) @executable_path/Frameworks @loader_path/Frameworks";
				PRODUCT_NAME = "$(TARGET_NAME)";
				TEST_HOST = "$(BUILT_PRODUCTS_DIR)/MemeMe.app/MemeMe";
			};
			name = Debug;
		};
		05131E221AB2561C003B53C4 /* Release */ = {
			isa = XCBuildConfiguration;
			buildSettings = {
				BUNDLE_LOADER = "$(TEST_HOST)";
				FRAMEWORK_SEARCH_PATHS = (
					"$(SDKROOT)/Developer/Library/Frameworks",
					"$(inherited)",
				);
				INFOPLIST_FILE = MemeMeTests/Info.plist;
				LD_RUNPATH_SEARCH_PATHS = "$(inherited) @executable_path/Frameworks @loader_path/Frameworks";
				PRODUCT_NAME = "$(TARGET_NAME)";
				TEST_HOST = "$(BUILT_PRODUCTS_DIR)/MemeMe.app/MemeMe";
			};
			name = Release;
		};
/* End XCBuildConfiguration section */

/* Begin XCConfigurationList section */
		05131DF91AB2561C003B53C4 /* Build configuration list for PBXProject "MemeMe" */ = {
			isa = XCConfigurationList;
			buildConfigurations = (
				05131E1B1AB2561C003B53C4 /* Debug */,
				05131E1C1AB2561C003B53C4 /* Release */,
			);
			defaultConfigurationIsVisible = 0;
			defaultConfigurationName = Release;
		};
		05131E1D1AB2561C003B53C4 /* Build configuration list for PBXNativeTarget "MemeMe" */ = {
			isa = XCConfigurationList;
			buildConfigurations = (
				05131E1E1AB2561C003B53C4 /* Debug */,
				05131E1F1AB2561C003B53C4 /* Release */,
			);
			defaultConfigurationIsVisible = 0;
		};
		05131E201AB2561C003B53C4 /* Build configuration list for PBXNativeTarget "MemeMeTests" */ = {
			isa = XCConfigurationList;
			buildConfigurations = (
				05131E211AB2561C003B53C4 /* Debug */,
				05131E221AB2561C003B53C4 /* Release */,
			);
			defaultConfigurationIsVisible = 0;
		};
/* End XCConfigurationList section */
	};
	rootObject = 05131DF61AB2561C003B53C4 /* Project object */;
}
